# This file is automatically @generated by Cargo.
# It is not intended for manual editing.
version = 4

[[package]]
name = "atoi"
version = "2.0.0"
source = "registry+https://github.com/rust-lang/crates.io-index"
checksum = "f28d99ec8bfea296261ca1af174f24225171fea9664ba9003cbebee704810528"
dependencies = [
 "num-traits",
]

[[package]]
name = "autocfg"
version = "1.5.0"
source = "registry+https://github.com/rust-lang/crates.io-index"
checksum = "c08606f8c3cbf4ce6ec8e28fb0014a2c086708fe954eaa885384a6165172e7e8"

[[package]]
name = "byteorder"
version = "1.5.0"
source = "registry+https://github.com/rust-lang/crates.io-index"
checksum = "1fd0f2584146f6f2ef48085050886acf353beff7305ebd1ae69500e27c67f64b"

[[package]]
name = "core_maths"
version = "0.1.1"
source = "registry+https://github.com/rust-lang/crates.io-index"
checksum = "77745e017f5edba1a9c1d854f6f3a52dac8a12dd5af5d2f54aecf61e43d80d30"
dependencies = [
 "libm",
]

[[package]]
name = "deranged"
version = "0.5.6"
source = "registry+https://github.com/rust-lang/crates.io-index"
checksum = "cc3dc5ad92c2e2d1c193bbbbdf2ea477cb81331de4f3103f267ca18368b988c4"
dependencies = [
 "powerfmt",
]

[[package]]
name = "fontdue"
version = "0.7.3"
source = "git+https://github.com/MarcusGrass/fontdue?rev=234f5f798e50bb6f4cc8f10ee9515f21936d68e6#234f5f798e50bb6f4cc8f10ee9515f21936d68e6"
dependencies = [
 "hashbrown",
 "ttf-parser",
]

[[package]]
name = "hash32"
version = "0.3.1"
source = "registry+https://github.com/rust-lang/crates.io-index"
checksum = "47d60b12902ba28e2730cd37e95b8c9223af2808df9e902d4df49588d1470606"
dependencies = [
 "byteorder",
]

[[package]]
name = "hashbrown"
version = "0.15.5"
source = "registry+https://github.com/rust-lang/crates.io-index"
checksum = "9229cfe53dfd69f0609a49f65461bd93001ea1ef889cd5529dd176593f5338a1"

[[package]]
name = "heapless"
version = "0.8.0"
source = "registry+https://github.com/rust-lang/crates.io-index"
checksum = "0bfb9eb618601c89945a70e254898da93b13be0388091d42117462b265bb3fad"
dependencies = [
 "hash32",
 "stable_deref_trait",
]

[[package]]
name = "libm"
version = "0.2.16"
source = "registry+https://github.com/rust-lang/crates.io-index"
checksum = "b6d2cec3eae94f9f509c767b45932f1ada8350c4bdb85af2fcab4a3c14807981"

[[package]]
name = "linux-rust-bindings"
version = "0.1.3"
source = "registry+https://github.com/rust-lang/crates.io-index"
checksum = "109280d660e557dfa6474e3b1bbe04272ba3fa5c5e5ce73b394c7b224f082caa"

[[package]]
name = "num-conv"
version = "0.2.0"
source = "registry+https://github.com/rust-lang/crates.io-index"
checksum = "cf97ec579c3c42f953ef76dbf8d55ac91fb219dde70e49aa4a6b7d74e9919050"

[[package]]
name = "num-traits"
version = "0.2.19"
source = "registry+https://github.com/rust-lang/crates.io-index"
checksum = "071dfc062690e90b734c0b2273ce72ad0ffa95f0c74596bc250dcfd960262841"
dependencies = [
 "autocfg",
]

[[package]]
name = "pgwm"
version = "0.1.0"
dependencies = [
 "pgwm-app",
 "tiny-std",
]

[[package]]
name = "pgwm-app"
version = "0.1.0"
dependencies = [
 "fontdue",
 "hashbrown",
 "heapless",
 "pgwm-core",
 "pgwm-metrics",
 "pgwm-utils",
 "rusl",
 "smallmap",
 "time",
 "tiny-std",
 "xcb-rust-connection",
 "xcb-rust-protocol",
]

[[package]]
name = "pgwm-core"
version = "0.1.0"
dependencies = [
 "atoi",
 "heapless",
 "pgwm-utils",
 "smallmap",
 "time",
 "tiny-bench",
 "tiny-std",
 "x11-keysyms",
 "xcb-rust-connection",
 "xcb-rust-protocol",
]

[[package]]
name = "pgwm-metrics"
version = "0.1.0"
dependencies = [
 "hashbrown",
 "heapless",
 "tiny-std",
]

[[package]]
name = "pgwm-utils"
version = "0.1.0"

[[package]]
name = "powerfmt"
version = "0.2.0"
source = "registry+https://github.com/rust-lang/crates.io-index"
checksum = "439ee305def115ba05938db6eb1644ff94165c5ab5e9420d1c1bcedbba909391"

[[package]]
name = "rusl"
version = "0.5.0"
source = "registry+https://github.com/rust-lang/crates.io-index"
checksum = "38aa30073959cd36f07d06f2428db411e9e951cd5efd439fe2ebe69d8c91915d"
dependencies = [
 "linux-rust-bindings",
 "sc",
]

[[package]]
name = "rustc_version"
version = "0.4.1"
source = "registry+https://github.com/rust-lang/crates.io-index"
checksum = "cfcb3a22ef46e85b45de6ee7e79d063319ebb6594faafcf1c225ea92ab6e9b92"
dependencies = [
 "semver",
]

[[package]]
name = "sc"
version = "0.2.7"
source = "registry+https://github.com/rust-lang/crates.io-index"
checksum = "010e18bd3bfd1d45a7e666b236c78720df0d9a7698ebaa9c1c559961eb60a38b"

[[package]]
name = "semver"
version = "1.0.27"
source = "registry+https://github.com/rust-lang/crates.io-index"
checksum = "d767eb0aabc880b29956c35734170f26ed551a859dbd361d140cdbeca61ab1e2"

[[package]]
name = "smallmap"
version = "1.4.2"
source = "registry+https://github.com/rust-lang/crates.io-index"
checksum = "d6d0205d551de9bbfea07e51ace307c7f1ca224958a3df56fef6c2cfd244c199"
dependencies = [
 "rustc_version",
]

[[package]]
name = "stable_deref_trait"
version = "1.2.1"
source = "registry+https://github.com/rust-lang/crates.io-index"
checksum = "6ce2be8dc25455e1f91df71bfa12ad37d7af1092ae736f3a6cd0e37bc7810596"

[[package]]
name = "time"
version = "0.3.47"
source = "registry+https://github.com/rust-lang/crates.io-index"
checksum = "743bd48c283afc0388f9b8827b976905fb217ad9e647fae3a379a9283c4def2c"
dependencies = [
 "deranged",
 "num-conv",
 "powerfmt",
 "time-core",
]

[[package]]
name = "time-core"
version = "0.1.8"
source = "registry+https://github.com/rust-lang/crates.io-index"
checksum = "7694e1cfe791f8d31026952abf09c69ca6f6fa4e1a1229e18988f06a04a12dca"

[[package]]
name = "tiny-bench"
version = "0.3.0"
source = "registry+https://github.com/rust-lang/crates.io-index"
checksum = "cfda840d8557c12ecdde25485f7dc85152339a61b759f98d4f682e7cb5d75948"

[[package]]
name = "tiny-start"
version = "0.1.6"
source = "registry+https://github.com/rust-lang/crates.io-index"
checksum = "c0f1d41aeed099ba9942ff1c8b30b40edd5427c6ec0dadcf49633769343fc920"
dependencies = [
 "rusl",
]

[[package]]
name = "tiny-std"
version = "0.3.2"
source = "registry+https://github.com/rust-lang/crates.io-index"
checksum = "c6a800fdc5d631ed908ce48fb4c60288792e9acc336869a509eeb69b03c05163"
dependencies = [
 "rusl",
 "sc",
 "tiny-start",
]

[[package]]
name = "ttf-parser"
version = "0.25.1"
source = "registry+https://github.com/rust-lang/crates.io-index"
checksum = "d2df906b07856748fa3f6e0ad0cbaa047052d4a7dd609e231c4f72cee8c36f31"
dependencies = [
 "core_maths",
]

[[package]]
name = "x11-keysyms"
version = "0.1.0"
source = "registry+https://github.com/rust-lang/crates.io-index"
checksum = "c6462285b997685c657ff2b26c9b444ba84dadf7d38c08bc49ebf80f8a6d3c40"

[[package]]
name = "xcb-rust-connection"
version = "0.2.4"
source = "registry+https://github.com/rust-lang/crates.io-index"
checksum = "ff02ff562b22ea31df7ae5320dcf4d80093db7db7cc7aaa625e50df23113a61a"
dependencies = [
 "rusl",
 "smallmap",
 "tiny-std",
 "xcb-rust-protocol",
]

[[package]]
name = "xcb-rust-protocol"
version = "0.3.0"
source = "registry+https://github.com/rust-lang/crates.io-index"
checksum = "d136ed83547f9cbb3d169ea199492d5b41f3d2c59f8e9e298c7782912e0599fb"
dependencies = [
 "tiny-std",
]
