# This file is automatically @generated by Cargo.
# It is not intended for manual editing.
version = 3

[[package]]
name = "atoi"
version = "2.0.0"
source = "registry+https://github.com/rust-lang/crates.io-index"
checksum = "f28d99ec8bfea296261ca1af174f24225171fea9664ba9003cbebee704810528"
dependencies = [
 "num-traits",
]

[[package]]
name = "atomic-polyfill"
version = "0.1.11"
source = "registry+https://github.com/rust-lang/crates.io-index"
checksum = "e3ff7eb3f316534d83a8a2c3d1674ace8a5a71198eba31e2e2b597833f699b28"
dependencies = [
 "critical-section",
]

[[package]]
name = "autocfg"
version = "1.1.0"
source = "registry+https://github.com/rust-lang/crates.io-index"
checksum = "d468802bab17cbc0cc575e9b053f41e72aa36bfa6b7f55e3529ffa43161b97fa"

[[package]]
name = "byteorder"
version = "1.4.3"
source = "registry+https://github.com/rust-lang/crates.io-index"
checksum = "14c189c53d098945499cdfa7ecc63567cf3886b3332b312a5b4585d8d3a6a610"

[[package]]
name = "compiler_builtins"
version = "0.1.85"
source = "registry+https://github.com/rust-lang/crates.io-index"
checksum = "13e81c6cd7ab79f51a0c927d22858d61ad12bd0b3865f0b13ece02a4486aeabb"

[[package]]
name = "critical-section"
version = "1.1.1"
source = "registry+https://github.com/rust-lang/crates.io-index"
checksum = "6548a0ad5d2549e111e1f6a11a6c2e2d00ce6a3dafe22948d67c2b443f775e52"

[[package]]
name = "dlmalloc"
version = "0.2.4"
source = "git+https://github.com/MarcusGrass/dlmalloc-rs.git?rev=a8e9fc0d2c03a06810530a48abd37fecc71e8109#a8e9fc0d2c03a06810530a48abd37fecc71e8109"
dependencies = [
 "sc",
]

[[package]]
name = "fontdue"
version = "0.7.2"
source = "git+https://github.com/MarcusGrass/fontdue?rev=667b807a41be43213e55b5a8e4e1db0f80253c36#667b807a41be43213e55b5a8e4e1db0f80253c36"
dependencies = [
 "hashbrown",
 "ttf-parser",
]

[[package]]
name = "hash32"
version = "0.2.1"
source = "registry+https://github.com/rust-lang/crates.io-index"
checksum = "b0c35f58762feb77d74ebe43bdbc3210f09be9fe6742234d573bacc26ed92b67"
dependencies = [
 "byteorder",
]

[[package]]
name = "hashbrown"
version = "0.13.1"
source = "registry+https://github.com/rust-lang/crates.io-index"
checksum = "33ff8ae62cd3a9102e5637afc8452c55acf3844001bd5374e0b0bd7b6616c038"

[[package]]
name = "heapless"
version = "0.7.16"
source = "registry+https://github.com/rust-lang/crates.io-index"
checksum = "db04bc24a18b9ea980628ecf00e6c0264f3c1426dac36c00cb49b6fbad8b0743"
dependencies = [
 "atomic-polyfill",
 "hash32",
 "rustc_version 0.4.0",
 "serde",
 "spin",
 "stable_deref_trait",
]

[[package]]
name = "linux-rust-bindings"
version = "0.1.0"
source = "git+https://github.com/MarcusGrass/linux-rust-bindings?rev=c22f9d8f47805a14612251aabd6e8b19baf2083f#c22f9d8f47805a14612251aabd6e8b19baf2083f"

[[package]]
name = "lock_api"
version = "0.4.9"
source = "registry+https://github.com/rust-lang/crates.io-index"
checksum = "435011366fe56583b16cf956f9df0095b405b82d76425bc8981c0e22e60ec4df"
dependencies = [
 "autocfg",
 "scopeguard",
]

[[package]]
name = "num-traits"
version = "0.2.15"
source = "registry+https://github.com/rust-lang/crates.io-index"
checksum = "578ede34cf02f8924ab9447f50c28075b4d3e5b269972345e7e0372b38c6cdcd"
dependencies = [
 "autocfg",
]

[[package]]
name = "pgwm"
version = "0.1.0"
dependencies = [
 "compiler_builtins",
 "dlmalloc",
 "pgwm-app",
 "tiny-std",
 "unix-print",
]

[[package]]
name = "pgwm-app"
version = "0.1.0"
dependencies = [
 "fontdue",
 "hashbrown",
 "heapless",
 "pgwm-core",
 "pgwm-utils",
 "rusl",
 "smallmap",
 "time",
 "tiny-std",
 "unix-print",
 "xcb-rust-connection",
 "xcb-rust-protocol",
]

[[package]]
name = "pgwm-core"
version = "0.1.0"
dependencies = [
 "atoi",
 "heapless",
 "pgwm-utils",
 "serde",
 "smallmap",
 "time",
 "tiny-bench",
 "tiny-std",
 "toml",
 "x11-keysyms",
 "xcb-rust-connection",
 "xcb-rust-protocol",
]

[[package]]
name = "pgwm-utils"
version = "0.1.0"
dependencies = [
 "unix-print",
]

[[package]]
name = "proc-macro2"
version = "1.0.47"
source = "registry+https://github.com/rust-lang/crates.io-index"
checksum = "5ea3d908b0e36316caf9e9e2c4625cdde190a7e6f440d794667ed17a1855e725"
dependencies = [
 "unicode-ident",
]

[[package]]
name = "quote"
version = "1.0.21"
source = "registry+https://github.com/rust-lang/crates.io-index"
checksum = "bbe448f377a7d6961e30f5955f9b8d106c3f5e449d493ee1b125c1d43c2b5179"
dependencies = [
 "proc-macro2",
]

[[package]]
name = "rusl"
version = "0.1.0"
source = "git+https://github.com/MarcusGrass/tiny-std?rev=8bf34350de08b3500b6d0038a0eb0bc56693beb7#8bf34350de08b3500b6d0038a0eb0bc56693beb7"
dependencies = [
 "linux-rust-bindings",
 "sc",
 "unix-print",
]

[[package]]
name = "rustc_version"
version = "0.2.3"
source = "registry+https://github.com/rust-lang/crates.io-index"
checksum = "138e3e0acb6c9fb258b19b67cb8abd63c00679d2851805ea151465464fe9030a"
dependencies = [
 "semver 0.9.0",
]

[[package]]
name = "rustc_version"
version = "0.4.0"
source = "registry+https://github.com/rust-lang/crates.io-index"
checksum = "bfa0f585226d2e68097d4f95d113b15b83a82e819ab25717ec0590d9584ef366"
dependencies = [
 "semver 1.0.14",
]

[[package]]
name = "sc"
version = "0.2.7"
source = "registry+https://github.com/rust-lang/crates.io-index"
checksum = "010e18bd3bfd1d45a7e666b236c78720df0d9a7698ebaa9c1c559961eb60a38b"

[[package]]
name = "scopeguard"
version = "1.1.0"
source = "registry+https://github.com/rust-lang/crates.io-index"
checksum = "d29ab0c6d3fc0ee92fe66e2d99f700eab17a8d57d1c1d3b748380fb20baa78cd"

[[package]]
name = "semver"
version = "0.9.0"
source = "registry+https://github.com/rust-lang/crates.io-index"
checksum = "1d7eb9ef2c18661902cc47e535f9bc51b78acd254da71d375c2f6720d9a40403"
dependencies = [
 "semver-parser",
]

[[package]]
name = "semver"
version = "1.0.14"
source = "registry+https://github.com/rust-lang/crates.io-index"
checksum = "e25dfac463d778e353db5be2449d1cce89bd6fd23c9f1ea21310ce6e5a1b29c4"

[[package]]
name = "semver-parser"
version = "0.7.0"
source = "registry+https://github.com/rust-lang/crates.io-index"
checksum = "388a1df253eca08550bef6c72392cfe7c30914bf41df5269b68cbd6ff8f570a3"

[[package]]
name = "serde"
version = "1.0.151"
source = "registry+https://github.com/rust-lang/crates.io-index"
checksum = "97fed41fc1a24994d044e6db6935e69511a1153b52c15eb42493b26fa87feba0"
dependencies = [
 "serde_derive",
]

[[package]]
name = "serde_derive"
version = "1.0.151"
source = "registry+https://github.com/rust-lang/crates.io-index"
checksum = "255abe9a125a985c05190d687b320c12f9b1f0b99445e608c21ba0782c719ad8"
dependencies = [
 "proc-macro2",
 "quote",
 "syn",
]

[[package]]
name = "smallmap"
version = "1.4.0"
source = "git+https://github.com/MarcusGrass/smallmap?rev=a0e7399d09a22753ef9c80aa1f1a34009b364357#a0e7399d09a22753ef9c80aa1f1a34009b364357"
dependencies = [
 "rustc_version 0.2.3",
 "serde",
]

[[package]]
name = "spin"
version = "0.9.4"
source = "registry+https://github.com/rust-lang/crates.io-index"
checksum = "7f6002a767bff9e83f8eeecf883ecb8011875a21ae8da43bffb817a57e78cc09"
dependencies = [
 "lock_api",
]

[[package]]
name = "stable_deref_trait"
version = "1.2.0"
source = "registry+https://github.com/rust-lang/crates.io-index"
checksum = "a8f112729512f8e442d81f95a8a7ddf2b7c6b8a1a6f509a95864142b30cab2d3"

[[package]]
name = "syn"
version = "1.0.105"
source = "registry+https://github.com/rust-lang/crates.io-index"
checksum = "60b9b43d45702de4c839cb9b51d9f529c5dd26a4aff255b42b1ebc03e88ee908"
dependencies = [
 "proc-macro2",
 "quote",
 "unicode-ident",
]

[[package]]
name = "time"
version = "0.3.17"
source = "registry+https://github.com/rust-lang/crates.io-index"
checksum = "a561bf4617eebd33bca6434b988f39ed798e527f51a1e797d0ee4f61c0a38376"
dependencies = [
 "time-core",
]

[[package]]
name = "time-core"
version = "0.1.0"
source = "registry+https://github.com/rust-lang/crates.io-index"
checksum = "2e153e1f1acaef8acc537e68b44906d2db6436e2b35ac2c6b42640fff91f00fd"

[[package]]
name = "tiny-bench"
version = "0.2.0"
source = "registry+https://github.com/rust-lang/crates.io-index"
checksum = "0b5d366a619c58cc621169d481d049b286553c87ba10c17f1ceef2274f9b8ab7"

[[package]]
name = "tiny-std"
version = "0.1.0"
source = "git+https://github.com/MarcusGrass/tiny-std?rev=8bf34350de08b3500b6d0038a0eb0bc56693beb7#8bf34350de08b3500b6d0038a0eb0bc56693beb7"
dependencies = [
 "rusl",
 "sc",
 "unix-print",
]

[[package]]
name = "toml"
version = "0.5.9"
source = "git+https://github.com/MarcusGrass/toml?rev=aa8fae65d99dbc6bd808631800ac8e182300622c#aa8fae65d99dbc6bd808631800ac8e182300622c"
dependencies = [
 "hashbrown",
 "serde",
 "toml_datetime",
]

[[package]]
name = "toml_datetime"
version = "0.5.0"
source = "git+https://github.com/MarcusGrass/toml?rev=aa8fae65d99dbc6bd808631800ac8e182300622c#aa8fae65d99dbc6bd808631800ac8e182300622c"
dependencies = [
 "serde",
]

[[package]]
name = "ttf-parser"
version = "0.17.1"
source = "registry+https://github.com/rust-lang/crates.io-index"
checksum = "375812fa44dab6df41c195cd2f7fecb488f6c09fbaafb62807488cefab642bff"

[[package]]
name = "unicode-ident"
version = "1.0.5"
source = "registry+https://github.com/rust-lang/crates.io-index"
checksum = "6ceab39d59e4c9499d4e5a8ee0e2735b891bb7308ac83dfb4e80cad195c9f6f3"

[[package]]
name = "unix-print"
version = "0.1.0"
source = "registry+https://github.com/rust-lang/crates.io-index"
checksum = "c50e1866b3de196f1329f6a805771eee750651c83bbebd5dff159e5f033cc16f"
dependencies = [
 "sc",
]

[[package]]
name = "x11-keysyms"
version = "0.1.0"
source = "git+https://github.com/MarcusGrass/x11-keysyms?rev=da4634c071fdc547772cd4dc7892d857b29dd6e5#da4634c071fdc547772cd4dc7892d857b29dd6e5"

[[package]]
name = "xcb-rust-connection"
version = "0.1.0"
source = "git+https://github.com/MarcusGrass/xcb-rust.git?rev=3b005137f76b52d6a0750d86e5780da2b61bbfa2#3b005137f76b52d6a0750d86e5780da2b61bbfa2"
dependencies = [
 "rusl",
 "sc",
 "smallmap",
 "tiny-std",
 "unix-print",
 "xcb-rust-protocol",
]

[[package]]
name = "xcb-rust-protocol"
version = "0.1.0"
source = "git+https://github.com/MarcusGrass/xcb-rust.git?rev=3b005137f76b52d6a0750d86e5780da2b61bbfa2#3b005137f76b52d6a0750d86e5780da2b61bbfa2"
dependencies = [
 "tiny-std",
 "unix-print",
]
